
Microsoft Visual Studio Solution File, Format Version 12.00
# Visual Studio Version 17
VisualStudioVersion = 17.0.32014.148
MinimumVisualStudioVersion = 10.0.40219.1
Project("{9A19103F-16F7-4668-BE54-9A1E7A4F7556}") = "TestFlights.Console", "TestFlights.Console.csproj", "{628DC7B9-3A41-48AD-8494-59B0FE9D7311}"
EndProject
Project("{9A19103F-16F7-4668-BE54-9A1E7A4F7556}") = "TestFlights.UnitTest", "..\TestFlights-Test\TestFlights.UnitTest.csproj", "{1DD2E92B-C353-4550-8335-74C4D073399F}"
EndProject
Global
	GlobalSection(SolutionConfigurationPlatforms) = preSolution
		Debug|Any CPU = Debug|Any CPU
		Release|Any CPU = Release|Any CPU
	EndGlobalSection
	GlobalSection(ProjectConfigurationPlatforms) = postSolution
		{628DC7B9-3A41-48AD-8494-59B0FE9D7311}.Debug|Any CPU.ActiveCfg = Debug|Any CPU
		{628DC7B9-3A41-48AD-8494-59B0FE9D7311}.Debug|Any CPU.Build.0 = Debug|Any CPU
		{628DC7B9-3A41-48AD-8494-59B0FE9D7311}.Release|Any CPU.ActiveCfg = Release|Any CPU
		{628DC7B9-3A41-48AD-8494-59B0FE9D7311}.Release|Any CPU.Build.0 = Release|Any CPU
		{1DD2E92B-C353-4550-8335-74C4D073399F}.Debug|Any CPU.ActiveCfg = Debug|Any CPU
		{1DD2E92B-C353-4550-8335-74C4D073399F}.Debug|Any CPU.Build.0 = Debug|Any CPU
		{1DD2E92B-C353-4550-8335-74C4D073399F}.Release|Any CPU.ActiveCfg = Release|Any CPU
		{1DD2E92B-C353-4550-8335-74C4D073399F}.Release|Any CPU.Build.0 = Release|Any CPU
	EndGlobalSection
	GlobalSection(SolutionProperties) = preSolution
		HideSolutionNode = FALSE
	EndGlobalSection
	GlobalSection(ExtensibilityGlobals) = postSolution
		SolutionGuid = {EB82879B-008C-4006-BCD1-D7D403CA6FEA}
	EndGlobalSection
EndGlobal
